
Microsoft Visual Studio Solution File, Format Version 12.00
# Visual Studio Version 17
VisualStudioVersion = 17.9.34723.18
MinimumVisualStudioVersion = 10.0.40219.1
Project("{9A19103F-16F7-4668-BE54-9A1E7A4F7556}") = "Core.Persistence", "Core.Persistence\Core.Persistence.csproj", "{BCF4D491-9F1E-427A-BD5D-00F5B236B928}"
EndProject
Project("{9A19103F-16F7-4668-BE54-9A1E7A4F7556}") = "Core.Application", "Core.Application\Core.Application.csproj", "{D0892B26-69C6-4C10-895E-63AC2F42353B}"
EndProject
Project("{9A19103F-16F7-4668-BE54-9A1E7A4F7556}") = "Core.CrossCuttingConcerns", "Core.CrossCuttingConcerns\Core.CrossCuttingConcerns.csproj", "{677CDA9A-5F56-4D7C-876A-3E96C965497D}"
EndProject
Project("{FAE04EC0-301F-11D3-BF4B-00C04F79EFBC}") = "Core.Security", "Core.Security\Core.Security.csproj", "{62DCD83F-50D0-45A1-8F59-D0C5F182BA01}"
EndProject
Global
	GlobalSection(SolutionConfigurationPlatforms) = preSolution
		Debug|Any CPU = Debug|Any CPU
		Release|Any CPU = Release|Any CPU
	EndGlobalSection
	GlobalSection(ProjectConfigurationPlatforms) = postSolution
		{BCF4D491-9F1E-427A-BD5D-00F5B236B928}.Debug|Any CPU.ActiveCfg = Debug|Any CPU
		{BCF4D491-9F1E-427A-BD5D-00F5B236B928}.Debug|Any CPU.Build.0 = Debug|Any CPU
		{BCF4D491-9F1E-427A-BD5D-00F5B236B928}.Release|Any CPU.ActiveCfg = Release|Any CPU
		{BCF4D491-9F1E-427A-BD5D-00F5B236B928}.Release|Any CPU.Build.0 = Release|Any CPU
		{D0892B26-69C6-4C10-895E-63AC2F42353B}.Debug|Any CPU.ActiveCfg = Debug|Any CPU
		{D0892B26-69C6-4C10-895E-63AC2F42353B}.Debug|Any CPU.Build.0 = Debug|Any CPU
		{D0892B26-69C6-4C10-895E-63AC2F42353B}.Release|Any CPU.ActiveCfg = Release|Any CPU
		{D0892B26-69C6-4C10-895E-63AC2F42353B}.Release|Any CPU.Build.0 = Release|Any CPU
		{677CDA9A-5F56-4D7C-876A-3E96C965497D}.Debug|Any CPU.ActiveCfg = Debug|Any CPU
		{677CDA9A-5F56-4D7C-876A-3E96C965497D}.Debug|Any CPU.Build.0 = Debug|Any CPU
		{677CDA9A-5F56-4D7C-876A-3E96C965497D}.Release|Any CPU.ActiveCfg = Release|Any CPU
		{677CDA9A-5F56-4D7C-876A-3E96C965497D}.Release|Any CPU.Build.0 = Release|Any CPU
		{62DCD83F-50D0-45A1-8F59-D0C5F182BA01}.Debug|Any CPU.ActiveCfg = Debug|Any CPU
		{62DCD83F-50D0-45A1-8F59-D0C5F182BA01}.Debug|Any CPU.Build.0 = Debug|Any CPU
		{62DCD83F-50D0-45A1-8F59-D0C5F182BA01}.Release|Any CPU.ActiveCfg = Release|Any CPU
		{62DCD83F-50D0-45A1-8F59-D0C5F182BA01}.Release|Any CPU.Build.0 = Release|Any CPU
	EndGlobalSection
	GlobalSection(SolutionProperties) = preSolution
		HideSolutionNode = FALSE
	EndGlobalSection
	GlobalSection(ExtensibilityGlobals) = postSolution
		SolutionGuid = {2E5F5038-2149-4F63-9FA9-D6459D582EB0}
	EndGlobalSection
EndGlobal
